
Microsoft Visual Studio Solution File, Format Version 12.00
# Visual Studio Version 16
VisualStudioVersion = 16.0.28729.10
MinimumVisualStudioVersion = 10.0.40219.1
Project("{FAE04EC0-301F-11D3-BF4B-00C04F79EFBC}") = "MidiEncoder", "MidiEncoder.csproj", "{47B1A6A1-82CE-4901-9949-67AE337D5845}"
EndProject
Global
	GlobalSection(SolutionConfigurationPlatforms) = preSolution
		Debug|Any CPU = Debug|Any CPU
		Release|Any CPU = Release|Any CPU
	EndGlobalSection
	GlobalSection(ProjectConfigurationPlatforms) = postSolution
		{47B1A6A1-82CE-4901-9949-67AE337D5845}.Debug|Any CPU.ActiveCfg = Debug|Any CPU
		{47B1A6A1-82CE-4901-9949-67AE337D5845}.Debug|Any CPU.Build.0 = Debug|Any CPU
		{47B1A6A1-82CE-4901-9949-67AE337D5845}.Release|Any CPU.ActiveCfg = Release|Any CPU
		{47B1A6A1-82CE-4901-9949-67AE337D5845}.Release|Any CPU.Build.0 = Release|Any CPU
	EndGlobalSection
	GlobalSection(SolutionProperties) = preSolution
		HideSolutionNode = FALSE
	EndGlobalSection
	GlobalSection(ExtensibilityGlobals) = postSolution
		SolutionGuid = {623DCDF9-53D0-41D8-BD62-F55794B44954}
	EndGlobalSection
EndGlobal
